// !$*UTF8*$!
{
	archiveVersion = 1;
	classes = {
	};
	objectVersion = 56;
	objects = {

/* Begin PBXBuildFile section */
		923F992A2A3C859B00CFCE9E /* AppDelegate.swift in Sources */ = {isa = PBXBuildFile; fileRef = 923F99292A3C859B00CFCE9E /* AppDelegate.swift */; };
		923F992C2A3C859B00CFCE9E /* SceneDelegate.swift in Sources */ = {isa = PBXBuildFile; fileRef = 923F992B2A3C859B00CFCE9E /* SceneDelegate.swift */; };
		923F99332A3C859D00CFCE9E /* Assets.xcassets in Resources */ = {isa = PBXBuildFile; fileRef = 923F99322A3C859D00CFCE9E /* Assets.xcassets */; };
		923F99362A3C859D00CFCE9E /* LaunchScreen.storyboard in Resources */ = {isa = PBXBuildFile; fileRef = 923F99342A3C859D00CFCE9E /* LaunchScreen.storyboard */; };
		923F993F2A3CF8F000CFCE9E /* UIColors+Extension.swift in Sources */ = {isa = PBXBuildFile; fileRef = 923F993E2A3CF8F000CFCE9E /* UIColors+Extension.swift */; };
		923F99892A42F62000CFCE9E /* TabBarViewController.swift in Sources */ = {isa = PBXBuildFile; fileRef = 923F99882A42F62000CFCE9E /* TabBarViewController.swift */; };
		923F998E2A42F76100CFCE9E /* TrackersViewController.swift in Sources */ = {isa = PBXBuildFile; fileRef = 923F998D2A42F76100CFCE9E /* TrackersViewController.swift */; };
		923F99902A42F78C00CFCE9E /* StatisticViewController.swift in Sources */ = {isa = PBXBuildFile; fileRef = 923F998F2A42F78C00CFCE9E /* StatisticViewController.swift */; };
		923F99922A43A12F00CFCE9E /* TrackerCardViewCell.swift in Sources */ = {isa = PBXBuildFile; fileRef = 923F99912A43A12F00CFCE9E /* TrackerCardViewCell.swift */; };
		923F99952A48D4D000CFCE9E /* Tracker.swift in Sources */ = {isa = PBXBuildFile; fileRef = 923F99942A48D4D000CFCE9E /* Tracker.swift */; };
		923F99972A48D4E700CFCE9E /* TrackerCategory.swift in Sources */ = {isa = PBXBuildFile; fileRef = 923F99962A48D4E700CFCE9E /* TrackerCategory.swift */; };
		923F99992A48E09100CFCE9E /* TrackerRecord.swift in Sources */ = {isa = PBXBuildFile; fileRef = 923F99982A48E09100CFCE9E /* TrackerRecord.swift */; };
		923F999B2A49F9F000CFCE9E /* HeaderCollectionReusableView.swift in Sources */ = {isa = PBXBuildFile; fileRef = 923F999A2A49F9F000CFCE9E /* HeaderCollectionReusableView.swift */; };
		923F999D2A4A324000CFCE9E /* CellViewModel.swift in Sources */ = {isa = PBXBuildFile; fileRef = 923F999C2A4A324000CFCE9E /* CellViewModel.swift */; };
		923F99A02A4AFFDC00CFCE9E /* TrackerTypeViewController.swift in Sources */ = {isa = PBXBuildFile; fileRef = 923F999F2A4AFFDC00CFCE9E /* TrackerTypeViewController.swift */; };
		923F99A22A4B380F00CFCE9E /* NewHabitViewController.swift in Sources */ = {isa = PBXBuildFile; fileRef = 923F99A12A4B380F00CFCE9E /* NewHabitViewController.swift */; };
		923F99A52A4CA2F100CFCE9E /* NewHabitCell.swift in Sources */ = {isa = PBXBuildFile; fileRef = 923F99A42A4CA2F100CFCE9E /* NewHabitCell.swift */; };
		923F99A82A4DC0FA00CFCE9E /* CategoryViewController.swift in Sources */ = {isa = PBXBuildFile; fileRef = 923F99A72A4DC0FA00CFCE9E /* CategoryViewController.swift */; };
		923F99AA2A4DE49B00CFCE9E /* NewCategoryViewController.swift in Sources */ = {isa = PBXBuildFile; fileRef = 923F99A92A4DE49B00CFCE9E /* NewCategoryViewController.swift */; };
		923F99AD2A4E1DD100CFCE9E /* ScheduleViewController.swift in Sources */ = {isa = PBXBuildFile; fileRef = 923F99AC2A4E1DD100CFCE9E /* ScheduleViewController.swift */; };
		923F99AF2A4E21C200CFCE9E /* SwitchCell.swift in Sources */ = {isa = PBXBuildFile; fileRef = 923F99AE2A4E21C200CFCE9E /* SwitchCell.swift */; };
		923F99B12A4EFEC400CFCE9E /* CategoryCell.swift in Sources */ = {isa = PBXBuildFile; fileRef = 923F99B02A4EFEC400CFCE9E /* CategoryCell.swift */; };
		923F99B42A51AB8B00CFCE9E /* String+Extension.swift in Sources */ = {isa = PBXBuildFile; fileRef = 923F99B32A51AB8B00CFCE9E /* String+Extension.swift */; };
		923F99B72A53262C00CFCE9E /* NewEventViewController.swift in Sources */ = {isa = PBXBuildFile; fileRef = 923F99B62A53262C00CFCE9E /* NewEventViewController.swift */; };
		9250B1622A64871A003C0E45 /* TrackerCoreData.xcdatamodeld in Sources */ = {isa = PBXBuildFile; fileRef = 9250B1602A64871A003C0E45 /* TrackerCoreData.xcdatamodeld */; };
		9250B1652A6487F2003C0E45 /* TrackerStore .swift in Sources */ = {isa = PBXBuildFile; fileRef = 9250B1642A6487F2003C0E45 /* TrackerStore .swift */; };
		9250B1672A648805003C0E45 /* TrackerCategoryStore.swift in Sources */ = {isa = PBXBuildFile; fileRef = 9250B1662A648805003C0E45 /* TrackerCategoryStore.swift */; };
		9250B1692A648822003C0E45 /* TrackerRecordStore.swift in Sources */ = {isa = PBXBuildFile; fileRef = 9250B1682A648822003C0E45 /* TrackerRecordStore.swift */; };
		9250B16D2A6571AD003C0E45 /* TrackerPersistentContainer.swift in Sources */ = {isa = PBXBuildFile; fileRef = 9250B16C2A6571AC003C0E45 /* TrackerPersistentContainer.swift */; };
		9250B16F2A65736E003C0E45 /* TrackerDataController.swift in Sources */ = {isa = PBXBuildFile; fileRef = 9250B16E2A65736E003C0E45 /* TrackerDataController.swift */; };
		9253F9442A7297040059472C /* CustomPageViewController.swift in Sources */ = {isa = PBXBuildFile; fileRef = 9253F9432A7297040059472C /* CustomPageViewController.swift */; };
		9253F9672A73F8EA0059472C /* Date Formmator +Extension.swift in Sources */ = {isa = PBXBuildFile; fileRef = 9253F9662A73F8EA0059472C /* Date Formmator +Extension.swift */; };
		9253F9722A742DF30059472C /* Localizable.strings in Resources */ = {isa = PBXBuildFile; fileRef = 9253F9742A742DF30059472C /* Localizable.strings */; };
		9253F9782A742EFB0059472C /* Localizable.stringsdict in Resources */ = {isa = PBXBuildFile; fileRef = 9253F97A2A742EFB0059472C /* Localizable.stringsdict */; };
		9253F9852A7527660059472C /* InfoPlist.strings in Resources */ = {isa = PBXBuildFile; fileRef = 9253F9872A7527660059472C /* InfoPlist.strings */; };
		9261D5CA2A894CE900AAF33E /* AnalyticsService.swift in Sources */ = {isa = PBXBuildFile; fileRef = 9261D5C92A894CE900AAF33E /* AnalyticsService.swift */; };
		9261D5CC2A896B3B00AAF33E /* AppMetrics.swift in Sources */ = {isa = PBXBuildFile; fileRef = 9261D5CB2A896B3B00AAF33E /* AppMetrics.swift */; };
		9266D1F22A8C22760020D766 /* AppMetricsParametrs.swift in Sources */ = {isa = PBXBuildFile; fileRef = 9266D1F12A8C22760020D766 /* AppMetricsParametrs.swift */; };
		929669C72A62E00200606172 /* ColorViewCell.swift in Sources */ = {isa = PBXBuildFile; fileRef = 929669C62A62E00200606172 /* ColorViewCell.swift */; };
		929669C92A62E0FE00606172 /* EmojiViewCell.swift in Sources */ = {isa = PBXBuildFile; fileRef = 929669C82A62E0FE00606172 /* EmojiViewCell.swift */; };
		929C804A2A7AA17900C731A4 /* CustomInfoView.swift in Sources */ = {isa = PBXBuildFile; fileRef = 929C80492A7AA17900C731A4 /* CustomInfoView.swift */; };
		929C804C2A7ABE1500C731A4 /* Array+Subscript.swift in Sources */ = {isa = PBXBuildFile; fileRef = 929C804B2A7ABE1500C731A4 /* Array+Subscript.swift */; };
		929C804E2A7ADE8300C731A4 /* Gradient+Extension.swift in Sources */ = {isa = PBXBuildFile; fileRef = 929C804D2A7ADE8300C731A4 /* Gradient+Extension.swift */; };
		929C80512A7C385B00C731A4 /* EditingTrackerViewController.swift in Sources */ = {isa = PBXBuildFile; fileRef = 929C80502A7C385B00C731A4 /* EditingTrackerViewController.swift */; };
		929C80532A7C38D400C731A4 /* EditingTrackerCell.swift in Sources */ = {isa = PBXBuildFile; fileRef = 929C80522A7C38D400C731A4 /* EditingTrackerCell.swift */; };
		929C80562A7EB21700C731A4 /* FiltersViewController.swift in Sources */ = {isa = PBXBuildFile; fileRef = 929C80552A7EB21700C731A4 /* FiltersViewController.swift */; };
		929C80582A7EC5DF00C731A4 /* FiltersCell.swift in Sources */ = {isa = PBXBuildFile; fileRef = 929C80572A7EC5DF00C731A4 /* FiltersCell.swift */; };
		929C80602A880DD900C731A4 /* ToDoTrackerTests.swift in Sources */ = {isa = PBXBuildFile; fileRef = 929C805F2A880DD900C731A4 /* ToDoTrackerTests.swift */; };
		929C80682A880E3200C731A4 /* SnapshotTesting in Frameworks */ = {isa = PBXBuildFile; productRef = 929C80672A880E3200C731A4 /* SnapshotTesting */; };
		92A3C4122A6E869B003D9452 /* UIPageViewController.swift in Sources */ = {isa = PBXBuildFile; fileRef = 92A3C4112A6E869B003D9452 /* UIPageViewController.swift */; };
		92A3C4582A6FEF64003D9452 /* TrackersViewModel.swift in Sources */ = {isa = PBXBuildFile; fileRef = 92A3C4572A6FEF64003D9452 /* TrackersViewModel.swift */; };
		92A3C45A2A700A88003D9452 /* ObserverWrapper.swift in Sources */ = {isa = PBXBuildFile; fileRef = 92A3C4592A700A88003D9452 /* ObserverWrapper.swift */; };
		92A3C45C2A701728003D9452 /* CategoryViewModel.swift in Sources */ = {isa = PBXBuildFile; fileRef = 92A3C45B2A701728003D9452 /* CategoryViewModel.swift */; };
		92E6D0B52A59B5180003809D /* NewEventCell.swift in Sources */ = {isa = PBXBuildFile; fileRef = 92E6D0B42A59B5180003809D /* NewEventCell.swift */; };
		CED037B21B4A93941DA97B3A /* Pods_ToDoTracker.framework in Frameworks */ = {isa = PBXBuildFile; fileRef = 8FD8E50FE2AB72F03EEFFEF0 /* Pods_ToDoTracker.framework */; };
		FB64EFF2E8DC2873708EEF65 /* Pods_ToDoTrackerTests.framework in Frameworks */ = {isa = PBXBuildFile; fileRef = 2317C45192CE2C5E40D0C3DF /* Pods_ToDoTrackerTests.framework */; };
/* End PBXBuildFile section */

/* Begin PBXContainerItemProxy section */
		929C80612A880DD900C731A4 /* PBXContainerItemProxy */ = {
			isa = PBXContainerItemProxy;
			containerPortal = 923F991E2A3C859B00CFCE9E /* Project object */;
			proxyType = 1;
			remoteGlobalIDString = 923F99252A3C859B00CFCE9E;
			remoteInfo = ToDoTracker;
		};
/* End PBXContainerItemProxy section */

/* Begin PBXFileReference section */
		2317C45192CE2C5E40D0C3DF /* Pods_ToDoTrackerTests.framework */ = {isa = PBXFileReference; explicitFileType = wrapper.framework; includeInIndex = 0; path = Pods_ToDoTrackerTests.framework; sourceTree = BUILT_PRODUCTS_DIR; };
		3CF1BA79F62B4C04E6972C71 /* Pods-ToDoTracker.release.xcconfig */ = {isa = PBXFileReference; includeInIndex = 1; lastKnownFileType = text.xcconfig; name = "Pods-ToDoTracker.release.xcconfig"; path = "Target Support Files/Pods-ToDoTracker/Pods-ToDoTracker.release.xcconfig"; sourceTree = "<group>"; };
		8FD8E50FE2AB72F03EEFFEF0 /* Pods_ToDoTracker.framework */ = {isa = PBXFileReference; explicitFileType = wrapper.framework; includeInIndex = 0; path = Pods_ToDoTracker.framework; sourceTree = BUILT_PRODUCTS_DIR; };
		923F99262A3C859B00CFCE9E /* ToDoTracker.app */ = {isa = PBXFileReference; explicitFileType = wrapper.application; includeInIndex = 0; path = ToDoTracker.app; sourceTree = BUILT_PRODUCTS_DIR; };
		923F99292A3C859B00CFCE9E /* AppDelegate.swift */ = {isa = PBXFileReference; lastKnownFileType = sourcecode.swift; path = AppDelegate.swift; sourceTree = "<group>"; };
		923F992B2A3C859B00CFCE9E /* SceneDelegate.swift */ = {isa = PBXFileReference; lastKnownFileType = sourcecode.swift; path = SceneDelegate.swift; sourceTree = "<group>"; };
		923F99322A3C859D00CFCE9E /* Assets.xcassets */ = {isa = PBXFileReference; lastKnownFileType = folder.assetcatalog; path = Assets.xcassets; sourceTree = "<group>"; };
		923F99352A3C859D00CFCE9E /* Base */ = {isa = PBXFileReference; lastKnownFileType = file.storyboard; name = Base; path = Base.lproj/LaunchScreen.storyboard; sourceTree = "<group>"; };
		923F99372A3C859D00CFCE9E /* Info.plist */ = {isa = PBXFileReference; lastKnownFileType = text.plist.xml; path = Info.plist; sourceTree = "<group>"; };
		923F993E2A3CF8F000CFCE9E /* UIColors+Extension.swift */ = {isa = PBXFileReference; lastKnownFileType = sourcecode.swift; path = "UIColors+Extension.swift"; sourceTree = "<group>"; };
		923F99882A42F62000CFCE9E /* TabBarViewController.swift */ = {isa = PBXFileReference; lastKnownFileType = sourcecode.swift; path = TabBarViewController.swift; sourceTree = "<group>"; };
		923F998D2A42F76100CFCE9E /* TrackersViewController.swift */ = {isa = PBXFileReference; lastKnownFileType = sourcecode.swift; path = TrackersViewController.swift; sourceTree = "<group>"; };
		923F998F2A42F78C00CFCE9E /* StatisticViewController.swift */ = {isa = PBXFileReference; lastKnownFileType = sourcecode.swift; path = StatisticViewController.swift; sourceTree = "<group>"; };
		923F99912A43A12F00CFCE9E /* TrackerCardViewCell.swift */ = {isa = PBXFileReference; lastKnownFileType = sourcecode.swift; path = TrackerCardViewCell.swift; sourceTree = "<group>"; };
		923F99942A48D4D000CFCE9E /* Tracker.swift */ = {isa = PBXFileReference; lastKnownFileType = sourcecode.swift; path = Tracker.swift; sourceTree = "<group>"; };
		923F99962A48D4E700CFCE9E /* TrackerCategory.swift */ = {isa = PBXFileReference; lastKnownFileType = sourcecode.swift; path = TrackerCategory.swift; sourceTree = "<group>"; };
		923F99982A48E09100CFCE9E /* TrackerRecord.swift */ = {isa = PBXFileReference; lastKnownFileType = sourcecode.swift; path = TrackerRecord.swift; sourceTree = "<group>"; };
		923F999A2A49F9F000CFCE9E /* HeaderCollectionReusableView.swift */ = {isa = PBXFileReference; lastKnownFileType = sourcecode.swift; path = HeaderCollectionReusableView.swift; sourceTree = "<group>"; };
		923F999C2A4A324000CFCE9E /* CellViewModel.swift */ = {isa = PBXFileReference; lastKnownFileType = sourcecode.swift; path = CellViewModel.swift; sourceTree = "<group>"; };
		923F999F2A4AFFDC00CFCE9E /* TrackerTypeViewController.swift */ = {isa = PBXFileReference; lastKnownFileType = sourcecode.swift; path = TrackerTypeViewController.swift; sourceTree = "<group>"; };
		923F99A12A4B380F00CFCE9E /* NewHabitViewController.swift */ = {isa = PBXFileReference; lastKnownFileType = sourcecode.swift; path = NewHabitViewController.swift; sourceTree = "<group>"; };
		923F99A42A4CA2F100CFCE9E /* NewHabitCell.swift */ = {isa = PBXFileReference; lastKnownFileType = sourcecode.swift; path = NewHabitCell.swift; sourceTree = "<group>"; };
		923F99A72A4DC0FA00CFCE9E /* CategoryViewController.swift */ = {isa = PBXFileReference; lastKnownFileType = sourcecode.swift; path = CategoryViewController.swift; sourceTree = "<group>"; };
		923F99A92A4DE49B00CFCE9E /* NewCategoryViewController.swift */ = {isa = PBXFileReference; lastKnownFileType = sourcecode.swift; path = NewCategoryViewController.swift; sourceTree = "<group>"; };
		923F99AC2A4E1DD100CFCE9E /* ScheduleViewController.swift */ = {isa = PBXFileReference; lastKnownFileType = sourcecode.swift; path = ScheduleViewController.swift; sourceTree = "<group>"; };
		923F99AE2A4E21C200CFCE9E /* SwitchCell.swift */ = {isa = PBXFileReference; lastKnownFileType = sourcecode.swift; path = SwitchCell.swift; sourceTree = "<group>"; };
		923F99B02A4EFEC400CFCE9E /* CategoryCell.swift */ = {isa = PBXFileReference; lastKnownFileType = sourcecode.swift; path = CategoryCell.swift; sourceTree = "<group>"; };
		923F99B32A51AB8B00CFCE9E /* String+Extension.swift */ = {isa = PBXFileReference; lastKnownFileType = sourcecode.swift; path = "String+Extension.swift"; sourceTree = "<group>"; };
		923F99B62A53262C00CFCE9E /* NewEventViewController.swift */ = {isa = PBXFileReference; lastKnownFileType = sourcecode.swift; path = NewEventViewController.swift; sourceTree = "<group>"; };
		9250B1612A64871A003C0E45 /* TrackerCoreData.xcdatamodel */ = {isa = PBXFileReference; lastKnownFileType = wrapper.xcdatamodel; path = TrackerCoreData.xcdatamodel; sourceTree = "<group>"; };
		9250B1642A6487F2003C0E45 /* TrackerStore .swift */ = {isa = PBXFileReference; lastKnownFileType = sourcecode.swift; path = "TrackerStore .swift"; sourceTree = "<group>"; };
		9250B1662A648805003C0E45 /* TrackerCategoryStore.swift */ = {isa = PBXFileReference; lastKnownFileType = sourcecode.swift; path = TrackerCategoryStore.swift; sourceTree = "<group>"; };
		9250B1682A648822003C0E45 /* TrackerRecordStore.swift */ = {isa = PBXFileReference; lastKnownFileType = sourcecode.swift; path = TrackerRecordStore.swift; sourceTree = "<group>"; };
		9250B16C2A6571AC003C0E45 /* TrackerPersistentContainer.swift */ = {isa = PBXFileReference; lastKnownFileType = sourcecode.swift; path = TrackerPersistentContainer.swift; sourceTree = "<group>"; };
		9250B16E2A65736E003C0E45 /* TrackerDataController.swift */ = {isa = PBXFileReference; lastKnownFileType = sourcecode.swift; path = TrackerDataController.swift; sourceTree = "<group>"; };
		9253F9432A7297040059472C /* CustomPageViewController.swift */ = {isa = PBXFileReference; lastKnownFileType = sourcecode.swift; name = CustomPageViewController.swift; path = ToDoTracker/CustomPageViewController.swift; sourceTree = SOURCE_ROOT; };
		9253F9662A73F8EA0059472C /* Date Formmator +Extension.swift */ = {isa = PBXFileReference; lastKnownFileType = sourcecode.swift; path = "Date Formmator +Extension.swift"; sourceTree = "<group>"; };
		9253F9732A742DF30059472C /* en */ = {isa = PBXFileReference; lastKnownFileType = text.plist.strings; name = en; path = en.lproj/Localizable.strings; sourceTree = "<group>"; };
		9253F9752A742E590059472C /* ru */ = {isa = PBXFileReference; lastKnownFileType = text.plist.strings; name = ru; path = ru.lproj/Localizable.strings; sourceTree = "<group>"; };
		9253F9792A742EFB0059472C /* en */ = {isa = PBXFileReference; lastKnownFileType = text.plist.stringsdict; name = en; path = en.lproj/Localizable.stringsdict; sourceTree = "<group>"; };
		9253F97B2A742EFF0059472C /* ru */ = {isa = PBXFileReference; lastKnownFileType = text.plist.stringsdict; name = ru; path = ru.lproj/Localizable.stringsdict; sourceTree = "<group>"; };
		9253F9862A7527660059472C /* en */ = {isa = PBXFileReference; lastKnownFileType = text.plist.strings; name = en; path = en.lproj/InfoPlist.strings; sourceTree = "<group>"; };
		9253F9882A7527690059472C /* ru */ = {isa = PBXFileReference; lastKnownFileType = text.plist.strings; name = ru; path = ru.lproj/InfoPlist.strings; sourceTree = "<group>"; };
		9253F98A2A7584DA0059472C /* de */ = {isa = PBXFileReference; lastKnownFileType = text.plist.strings; name = de; path = de.lproj/Localizable.strings; sourceTree = "<group>"; };
		9253F98B2A7584DA0059472C /* de */ = {isa = PBXFileReference; lastKnownFileType = text.plist.stringsdict; name = de; path = de.lproj/Localizable.stringsdict; sourceTree = "<group>"; };
		9253F98C2A7584DA0059472C /* de */ = {isa = PBXFileReference; lastKnownFileType = text.plist.strings; name = de; path = de.lproj/InfoPlist.strings; sourceTree = "<group>"; };
		9261D5C92A894CE900AAF33E /* AnalyticsService.swift */ = {isa = PBXFileReference; lastKnownFileType = sourcecode.swift; path = AnalyticsService.swift; sourceTree = "<group>"; };
		9261D5CB2A896B3B00AAF33E /* AppMetrics.swift */ = {isa = PBXFileReference; lastKnownFileType = sourcecode.swift; path = AppMetrics.swift; sourceTree = "<group>"; };
		9266D1F12A8C22760020D766 /* AppMetricsParametrs.swift */ = {isa = PBXFileReference; lastKnownFileType = sourcecode.swift; path = AppMetricsParametrs.swift; sourceTree = "<group>"; };
		929669C62A62E00200606172 /* ColorViewCell.swift */ = {isa = PBXFileReference; lastKnownFileType = sourcecode.swift; path = ColorViewCell.swift; sourceTree = "<group>"; };
		929669C82A62E0FE00606172 /* EmojiViewCell.swift */ = {isa = PBXFileReference; lastKnownFileType = sourcecode.swift; path = EmojiViewCell.swift; sourceTree = "<group>"; };
		929C80492A7AA17900C731A4 /* CustomInfoView.swift */ = {isa = PBXFileReference; lastKnownFileType = sourcecode.swift; path = CustomInfoView.swift; sourceTree = "<group>"; };
		929C804B2A7ABE1500C731A4 /* Array+Subscript.swift */ = {isa = PBXFileReference; lastKnownFileType = sourcecode.swift; path = "Array+Subscript.swift"; sourceTree = "<group>"; };
		929C804D2A7ADE8300C731A4 /* Gradient+Extension.swift */ = {isa = PBXFileReference; lastKnownFileType = sourcecode.swift; path = "Gradient+Extension.swift"; sourceTree = "<group>"; };
		929C80502A7C385B00C731A4 /* EditingTrackerViewController.swift */ = {isa = PBXFileReference; lastKnownFileType = sourcecode.swift; path = EditingTrackerViewController.swift; sourceTree = "<group>"; };
		929C80522A7C38D400C731A4 /* EditingTrackerCell.swift */ = {isa = PBXFileReference; lastKnownFileType = sourcecode.swift; path = EditingTrackerCell.swift; sourceTree = "<group>"; };
		929C80552A7EB21700C731A4 /* FiltersViewController.swift */ = {isa = PBXFileReference; lastKnownFileType = sourcecode.swift; path = FiltersViewController.swift; sourceTree = "<group>"; };
		929C80572A7EC5DF00C731A4 /* FiltersCell.swift */ = {isa = PBXFileReference; lastKnownFileType = sourcecode.swift; path = FiltersCell.swift; sourceTree = "<group>"; };
		929C805D2A880DD900C731A4 /* ToDoTrackerTests.xctest */ = {isa = PBXFileReference; explicitFileType = wrapper.cfbundle; includeInIndex = 0; path = ToDoTrackerTests.xctest; sourceTree = BUILT_PRODUCTS_DIR; };
		929C805F2A880DD900C731A4 /* ToDoTrackerTests.swift */ = {isa = PBXFileReference; lastKnownFileType = sourcecode.swift; path = ToDoTrackerTests.swift; sourceTree = "<group>"; };
		92A3C4112A6E869B003D9452 /* UIPageViewController.swift */ = {isa = PBXFileReference; lastKnownFileType = sourcecode.swift; path = UIPageViewController.swift; sourceTree = "<group>"; };
		92A3C4572A6FEF64003D9452 /* TrackersViewModel.swift */ = {isa = PBXFileReference; lastKnownFileType = sourcecode.swift; path = TrackersViewModel.swift; sourceTree = "<group>"; };
		92A3C4592A700A88003D9452 /* ObserverWrapper.swift */ = {isa = PBXFileReference; lastKnownFileType = sourcecode.swift; path = ObserverWrapper.swift; sourceTree = "<group>"; };
		92A3C45B2A701728003D9452 /* CategoryViewModel.swift */ = {isa = PBXFileReference; lastKnownFileType = sourcecode.swift; path = CategoryViewModel.swift; sourceTree = "<group>"; };
		92E6D0B42A59B5180003809D /* NewEventCell.swift */ = {isa = PBXFileReference; lastKnownFileType = sourcecode.swift; path = NewEventCell.swift; sourceTree = "<group>"; };
		B065F088DD3256E6D9FFE31D /* Pods-ToDoTrackerTests.release.xcconfig */ = {isa = PBXFileReference; includeInIndex = 1; lastKnownFileType = text.xcconfig; name = "Pods-ToDoTrackerTests.release.xcconfig"; path = "Target Support Files/Pods-ToDoTrackerTests/Pods-ToDoTrackerTests.release.xcconfig"; sourceTree = "<group>"; };
		CD0215B0AD4624C905F9CE82 /* Pods-ToDoTrackerTests.debug.xcconfig */ = {isa = PBXFileReference; includeInIndex = 1; lastKnownFileType = text.xcconfig; name = "Pods-ToDoTrackerTests.debug.xcconfig"; path = "Target Support Files/Pods-ToDoTrackerTests/Pods-ToDoTrackerTests.debug.xcconfig"; sourceTree = "<group>"; };
		FD7E7C6FC233AF60D054944C /* Pods-ToDoTracker.debug.xcconfig */ = {isa = PBXFileReference; includeInIndex = 1; lastKnownFileType = text.xcconfig; name = "Pods-ToDoTracker.debug.xcconfig"; path = "Target Support Files/Pods-ToDoTracker/Pods-ToDoTracker.debug.xcconfig"; sourceTree = "<group>"; };
/* End PBXFileReference section */

/* Begin PBXFrameworksBuildPhase section */
		923F99232A3C859B00CFCE9E /* Frameworks */ = {
			isa = PBXFrameworksBuildPhase;
			buildActionMask = 2147483647;
			files = (
				CED037B21B4A93941DA97B3A /* Pods_ToDoTracker.framework in Frameworks */,
			);
			runOnlyForDeploymentPostprocessing = 0;
		};
		929C805A2A880DD900C731A4 /* Frameworks */ = {
			isa = PBXFrameworksBuildPhase;
			buildActionMask = 2147483647;
			files = (
				929C80682A880E3200C731A4 /* SnapshotTesting in Frameworks */,
				FB64EFF2E8DC2873708EEF65 /* Pods_ToDoTrackerTests.framework in Frameworks */,
			);
			runOnlyForDeploymentPostprocessing = 0;
		};
/* End PBXFrameworksBuildPhase section */

/* Begin PBXGroup section */
		923F991D2A3C859B00CFCE9E = {
			isa = PBXGroup;
			children = (
				923F99282A3C859B00CFCE9E /* ToDoTracker */,
				929C805E2A880DD900C731A4 /* ToDoTrackerTests */,
				923F99272A3C859B00CFCE9E /* Products */,
				E95F828F672A5A23DF6F75E1 /* Pods */,
				B5ABEEAD4BDEAE549FEA0C33 /* Frameworks */,
			);
			sourceTree = "<group>";
		};
		923F99272A3C859B00CFCE9E /* Products */ = {
			isa = PBXGroup;
			children = (
				923F99262A3C859B00CFCE9E /* ToDoTracker.app */,
				929C805D2A880DD900C731A4 /* ToDoTrackerTests.xctest */,
			);
			name = Products;
			sourceTree = "<group>";
		};
		923F99282A3C859B00CFCE9E /* ToDoTracker */ = {
			isa = PBXGroup;
			children = (
				9253F96F2A742DDE0059472C /* Resource */,
				923F99B22A514FA400CFCE9E /* LifeCycleControllers */,
				92A3C4102A6E867B003D9452 /* UIPageViewFolder */,
				923F99862A42F47F00CFCE9E /* TabBar */,
				923F99872A42F5EB00CFCE9E /* TrackerViewFolder */,
				923F998A2A42F71C00CFCE9E /* StatisticViewFolder */,
				9250B15F2A6486F8003C0E45 /* TrackerCoreDataFolder */,
				9261D5C82A894CB400AAF33E /* AnalyticsService */,
				923F99322A3C859D00CFCE9E /* Assets.xcassets */,
				923F99342A3C859D00CFCE9E /* LaunchScreen.storyboard */,
				923F99372A3C859D00CFCE9E /* Info.plist */,
				923F993D2A3CF8D000CFCE9E /* Helpers */,
			);
			path = ToDoTracker;
			sourceTree = "<group>";
		};
		923F993D2A3CF8D000CFCE9E /* Helpers */ = {
			isa = PBXGroup;
			children = (
				92A3C4592A700A88003D9452 /* ObserverWrapper.swift */,
				923F993E2A3CF8F000CFCE9E /* UIColors+Extension.swift */,
				923F99B32A51AB8B00CFCE9E /* String+Extension.swift */,
				9253F9662A73F8EA0059472C /* Date Formmator +Extension.swift */,
				929C804B2A7ABE1500C731A4 /* Array+Subscript.swift */,
				929C804D2A7ADE8300C731A4 /* Gradient+Extension.swift */,
			);
			path = Helpers;
			sourceTree = "<group>";
		};
		923F99862A42F47F00CFCE9E /* TabBar */ = {
			isa = PBXGroup;
			children = (
				923F99882A42F62000CFCE9E /* TabBarViewController.swift */,
			);
			path = TabBar;
			sourceTree = "<group>";
		};
		923F99872A42F5EB00CFCE9E /* TrackerViewFolder */ = {
			isa = PBXGroup;
			children = (
				923F99932A48D4B200CFCE9E /* Models */,
				923F998D2A42F76100CFCE9E /* TrackersViewController.swift */,
				92A3C4572A6FEF64003D9452 /* TrackersViewModel.swift */,
				923F99912A43A12F00CFCE9E /* TrackerCardViewCell.swift */,
				923F999A2A49F9F000CFCE9E /* HeaderCollectionReusableView.swift */,
				923F999C2A4A324000CFCE9E /* CellViewModel.swift */,
				923F999E2A4AFF9C00CFCE9E /* TrackerCreationViewFolder */,
				929C804F2A7C382E00C731A4 /* EditingTrackerFolder */,
				929C80542A7EA9AE00C731A4 /* FiltersFolder */,
			);
			path = TrackerViewFolder;
			sourceTree = "<group>";
		};
		923F998A2A42F71C00CFCE9E /* StatisticViewFolder */ = {
			isa = PBXGroup;
			children = (
				923F998F2A42F78C00CFCE9E /* StatisticViewController.swift */,
				929C80492A7AA17900C731A4 /* CustomInfoView.swift */,
			);
			path = StatisticViewFolder;
			sourceTree = "<group>";
		};
		923F99932A48D4B200CFCE9E /* Models */ = {
			isa = PBXGroup;
			children = (
				923F99942A48D4D000CFCE9E /* Tracker.swift */,
				923F99962A48D4E700CFCE9E /* TrackerCategory.swift */,
				923F99982A48E09100CFCE9E /* TrackerRecord.swift */,
			);
			path = Models;
			sourceTree = "<group>";
		};
		923F999E2A4AFF9C00CFCE9E /* TrackerCreationViewFolder */ = {
			isa = PBXGroup;
			children = (
				923F999F2A4AFFDC00CFCE9E /* TrackerTypeViewController.swift */,
				929669C52A62DFC500606172 /* TrackerColorEmojiCell */,
				923F99A32A4CA2CB00CFCE9E /* NewHabitCreation */,
				923F99B52A5325F900CFCE9E /* NewEventFolder */,
				923F99A62A4DC00300CFCE9E /* CategoryFolder */,
				923F99AB2A4E1DA500CFCE9E /* ScheduleFolder */,
			);
			path = TrackerCreationViewFolder;
			sourceTree = "<group>";
		};
		923F99A32A4CA2CB00CFCE9E /* NewHabitCreation */ = {
			isa = PBXGroup;
			children = (
				923F99A12A4B380F00CFCE9E /* NewHabitViewController.swift */,
				923F99A42A4CA2F100CFCE9E /* NewHabitCell.swift */,
			);
			path = NewHabitCreation;
			sourceTree = "<group>";
		};
		923F99A62A4DC00300CFCE9E /* CategoryFolder */ = {
			isa = PBXGroup;
			children = (
				923F99A72A4DC0FA00CFCE9E /* CategoryViewController.swift */,
				92A3C45B2A701728003D9452 /* CategoryViewModel.swift */,
				923F99B02A4EFEC400CFCE9E /* CategoryCell.swift */,
				923F99A92A4DE49B00CFCE9E /* NewCategoryViewController.swift */,
			);
			path = CategoryFolder;
			sourceTree = "<group>";
		};
		923F99AB2A4E1DA500CFCE9E /* ScheduleFolder */ = {
			isa = PBXGroup;
			children = (
				923F99AC2A4E1DD100CFCE9E /* ScheduleViewController.swift */,
				923F99AE2A4E21C200CFCE9E /* SwitchCell.swift */,
			);
			path = ScheduleFolder;
			sourceTree = "<group>";
		};
		923F99B22A514FA400CFCE9E /* LifeCycleControllers */ = {
			isa = PBXGroup;
			children = (
				923F99292A3C859B00CFCE9E /* AppDelegate.swift */,
				923F992B2A3C859B00CFCE9E /* SceneDelegate.swift */,
			);
			path = LifeCycleControllers;
			sourceTree = "<group>";
		};
		923F99B52A5325F900CFCE9E /* NewEventFolder */ = {
			isa = PBXGroup;
			children = (
				923F99B62A53262C00CFCE9E /* NewEventViewController.swift */,
				92E6D0B42A59B5180003809D /* NewEventCell.swift */,
			);
			path = NewEventFolder;
			sourceTree = "<group>";
		};
		9250B15F2A6486F8003C0E45 /* TrackerCoreDataFolder */ = {
			isa = PBXGroup;
			children = (
				9250B1602A64871A003C0E45 /* TrackerCoreData.xcdatamodeld */,
				9250B16E2A65736E003C0E45 /* TrackerDataController.swift */,
				9250B16C2A6571AC003C0E45 /* TrackerPersistentContainer.swift */,
				9250B1662A648805003C0E45 /* TrackerCategoryStore.swift */,
				9250B1642A6487F2003C0E45 /* TrackerStore .swift */,
				9250B1682A648822003C0E45 /* TrackerRecordStore.swift */,
			);
			path = TrackerCoreDataFolder;
			sourceTree = "<group>";
		};
		9253F96F2A742DDE0059472C /* Resource */ = {
			isa = PBXGroup;
			children = (
				9253F9742A742DF30059472C /* Localizable.strings */,
				9253F97A2A742EFB0059472C /* Localizable.stringsdict */,
				9253F9872A7527660059472C /* InfoPlist.strings */,
			);
			path = Resource;
			sourceTree = "<group>";
		};
		9261D5C82A894CB400AAF33E /* AnalyticsService */ = {
			isa = PBXGroup;
			children = (
				9261D5C92A894CE900AAF33E /* AnalyticsService.swift */,
				9261D5CB2A896B3B00AAF33E /* AppMetrics.swift */,
				9266D1F12A8C22760020D766 /* AppMetricsParametrs.swift */,
			);
			path = AnalyticsService;
			sourceTree = "<group>";
		};
		929669C52A62DFC500606172 /* TrackerColorEmojiCell */ = {
			isa = PBXGroup;
			children = (
				929669C62A62E00200606172 /* ColorViewCell.swift */,
				929669C82A62E0FE00606172 /* EmojiViewCell.swift */,
			);
			path = TrackerColorEmojiCell;
			sourceTree = "<group>";
		};
		929C804F2A7C382E00C731A4 /* EditingTrackerFolder */ = {
			isa = PBXGroup;
			children = (
				929C80502A7C385B00C731A4 /* EditingTrackerViewController.swift */,
				929C80522A7C38D400C731A4 /* EditingTrackerCell.swift */,
			);
			path = EditingTrackerFolder;
			sourceTree = "<group>";
		};
		929C80542A7EA9AE00C731A4 /* FiltersFolder */ = {
			isa = PBXGroup;
			children = (
				929C80552A7EB21700C731A4 /* FiltersViewController.swift */,
				929C80572A7EC5DF00C731A4 /* FiltersCell.swift */,
			);
			path = FiltersFolder;
			sourceTree = "<group>";
		};
		929C805E2A880DD900C731A4 /* ToDoTrackerTests */ = {
			isa = PBXGroup;
			children = (
				929C805F2A880DD900C731A4 /* ToDoTrackerTests.swift */,
			);
			path = ToDoTrackerTests;
			sourceTree = "<group>";
		};
		92A3C4102A6E867B003D9452 /* UIPageViewFolder */ = {
			isa = PBXGroup;
			children = (
				92A3C4112A6E869B003D9452 /* UIPageViewController.swift */,
				9253F9432A7297040059472C /* CustomPageViewController.swift */,
			);
			path = UIPageViewFolder;
			sourceTree = "<group>";
		};
		B5ABEEAD4BDEAE549FEA0C33 /* Frameworks */ = {
			isa = PBXGroup;
			children = (
				8FD8E50FE2AB72F03EEFFEF0 /* Pods_ToDoTracker.framework */,
				2317C45192CE2C5E40D0C3DF /* Pods_ToDoTrackerTests.framework */,
			);
			name = Frameworks;
			sourceTree = "<group>";
		};
		E95F828F672A5A23DF6F75E1 /* Pods */ = {
			isa = PBXGroup;
			children = (
				FD7E7C6FC233AF60D054944C /* Pods-ToDoTracker.debug.xcconfig */,
				3CF1BA79F62B4C04E6972C71 /* Pods-ToDoTracker.release.xcconfig */,
				CD0215B0AD4624C905F9CE82 /* Pods-ToDoTrackerTests.debug.xcconfig */,
				B065F088DD3256E6D9FFE31D /* Pods-ToDoTrackerTests.release.xcconfig */,
			);
			path = Pods;
			sourceTree = "<group>";
		};
/* End PBXGroup section */

/* Begin PBXNativeTarget section */
		923F99252A3C859B00CFCE9E /* ToDoTracker */ = {
			isa = PBXNativeTarget;
			buildConfigurationList = 923F993A2A3C859D00CFCE9E /* Build configuration list for PBXNativeTarget "ToDoTracker" */;
			buildPhases = (
				C6214A241E2A91CF8B95DBEF /* [CP] Check Pods Manifest.lock */,
				923F99222A3C859B00CFCE9E /* Sources */,
				923F99232A3C859B00CFCE9E /* Frameworks */,
				923F99242A3C859B00CFCE9E /* Resources */,
				03E58F58EDF4399E72A0CC06 /* [CP] Embed Pods Frameworks */,
			);
			buildRules = (
			);
			dependencies = (
			);
			name = ToDoTracker;
			productName = ToDoTracker;
			productReference = 923F99262A3C859B00CFCE9E /* ToDoTracker.app */;
			productType = "com.apple.product-type.application";
		};
		929C805C2A880DD900C731A4 /* ToDoTrackerTests */ = {
			isa = PBXNativeTarget;
			buildConfigurationList = 929C80632A880DD900C731A4 /* Build configuration list for PBXNativeTarget "ToDoTrackerTests" */;
			buildPhases = (
				C91F135D2B5D2205C96D9B0E /* [CP] Check Pods Manifest.lock */,
				929C80592A880DD900C731A4 /* Sources */,
				929C805A2A880DD900C731A4 /* Frameworks */,
				929C805B2A880DD900C731A4 /* Resources */,
			);
			buildRules = (
			);
			dependencies = (
				929C80622A880DD900C731A4 /* PBXTargetDependency */,
			);
			name = ToDoTrackerTests;
			packageProductDependencies = (
				929C80672A880E3200C731A4 /* SnapshotTesting */,
			);
			productName = ToDoTrackerTests;
			productReference = 929C805D2A880DD900C731A4 /* ToDoTrackerTests.xctest */;
			productType = "com.apple.product-type.bundle.unit-test";
		};
/* End PBXNativeTarget section */

/* Begin PBXProject section */
		923F991E2A3C859B00CFCE9E /* Project object */ = {
			isa = PBXProject;
			attributes = {
				BuildIndependentTargetsInParallel = 1;
				LastSwiftUpdateCheck = 1430;
				LastUpgradeCheck = 1430;
				TargetAttributes = {
					923F99252A3C859B00CFCE9E = {
						CreatedOnToolsVersion = 14.3.1;
					};
					929C805C2A880DD900C731A4 = {
						CreatedOnToolsVersion = 14.3.1;
						TestTargetID = 923F99252A3C859B00CFCE9E;
					};
				};
			};
			buildConfigurationList = 923F99212A3C859B00CFCE9E /* Build configuration list for PBXProject "ToDoTracker" */;
			compatibilityVersion = "Xcode 14.0";
			developmentRegion = en;
			hasScannedForEncodings = 0;
			knownRegions = (
				en,
				Base,
				ru,
				de,
			);
			mainGroup = 923F991D2A3C859B00CFCE9E;
			packageReferences = (
				929C80662A880E3200C731A4 /* XCRemoteSwiftPackageReference "swift-snapshot-testing" */,
			);
			productRefGroup = 923F99272A3C859B00CFCE9E /* Products */;
			projectDirPath = "";
			projectRoot = "";
			targets = (
				923F99252A3C859B00CFCE9E /* ToDoTracker */,
				929C805C2A880DD900C731A4 /* ToDoTrackerTests */,
			);
		};
/* End PBXProject section */

/* Begin PBXResourcesBuildPhase section */
		923F99242A3C859B00CFCE9E /* Resources */ = {
			isa = PBXResourcesBuildPhase;
			buildActionMask = 2147483647;
			files = (
				923F99362A3C859D00CFCE9E /* LaunchScreen.storyboard in Resources */,
				9253F9782A742EFB0059472C /* Localizable.stringsdict in Resources */,
				9253F9722A742DF30059472C /* Localizable.strings in Resources */,
				923F99332A3C859D00CFCE9E /* Assets.xcassets in Resources */,
				9253F9852A7527660059472C /* InfoPlist.strings in Resources */,
			);
			runOnlyForDeploymentPostprocessing = 0;
		};
		929C805B2A880DD900C731A4 /* Resources */ = {
			isa = PBXResourcesBuildPhase;
			buildActionMask = 2147483647;
			files = (
			);
			runOnlyForDeploymentPostprocessing = 0;
		};
/* End PBXResourcesBuildPhase section */

/* Begin PBXShellScriptBuildPhase section */
		03E58F58EDF4399E72A0CC06 /* [CP] Embed Pods Frameworks */ = {
			isa = PBXShellScriptBuildPhase;
			buildActionMask = 2147483647;
			files = (
			);
			inputFileListPaths = (
				"${PODS_ROOT}/Target Support Files/Pods-ToDoTracker/Pods-ToDoTracker-frameworks-${CONFIGURATION}-input-files.xcfilelist",
			);
			name = "[CP] Embed Pods Frameworks";
			outputFileListPaths = (
				"${PODS_ROOT}/Target Support Files/Pods-ToDoTracker/Pods-ToDoTracker-frameworks-${CONFIGURATION}-output-files.xcfilelist",
			);
			runOnlyForDeploymentPostprocessing = 0;
			shellPath = /bin/sh;
			shellScript = "\"${PODS_ROOT}/Target Support Files/Pods-ToDoTracker/Pods-ToDoTracker-frameworks.sh\"\n";
			showEnvVarsInLog = 0;
		};
		C6214A241E2A91CF8B95DBEF /* [CP] Check Pods Manifest.lock */ = {
			isa = PBXShellScriptBuildPhase;
			buildActionMask = 2147483647;
			files = (
			);
			inputFileListPaths = (
			);
			inputPaths = (
				"${PODS_PODFILE_DIR_PATH}/Podfile.lock",
				"${PODS_ROOT}/Manifest.lock",
			);
			name = "[CP] Check Pods Manifest.lock";
			outputFileListPaths = (
			);
			outputPaths = (
				"$(DERIVED_FILE_DIR)/Pods-ToDoTracker-checkManifestLockResult.txt",
			);
			runOnlyForDeploymentPostprocessing = 0;
			shellPath = /bin/sh;
			shellScript = "diff \"${PODS_PODFILE_DIR_PATH}/Podfile.lock\" \"${PODS_ROOT}/Manifest.lock\" > /dev/null\nif [ $? != 0 ] ; then\n    # print error to STDERR\n    echo \"error: The sandbox is not in sync with the Podfile.lock. Run 'pod install' or update your CocoaPods installation.\" >&2\n    exit 1\nfi\n# This output is used by Xcode 'outputs' to avoid re-running this script phase.\necho \"SUCCESS\" > \"${SCRIPT_OUTPUT_FILE_0}\"\n";
			showEnvVarsInLog = 0;
		};
		C91F135D2B5D2205C96D9B0E /* [CP] Check Pods Manifest.lock */ = {
			isa = PBXShellScriptBuildPhase;
			buildActionMask = 2147483647;
			files = (
			);
			inputFileListPaths = (
			);
			inputPaths = (
				"${PODS_PODFILE_DIR_PATH}/Podfile.lock",
				"${PODS_ROOT}/Manifest.lock",
			);
			name = "[CP] Check Pods Manifest.lock";
			outputFileListPaths = (
			);
			outputPaths = (
				"$(DERIVED_FILE_DIR)/Pods-ToDoTrackerTests-checkManifestLockResult.txt",
			);
			runOnlyForDeploymentPostprocessing = 0;
			shellPath = /bin/sh;
			shellScript = "diff \"${PODS_PODFILE_DIR_PATH}/Podfile.lock\" \"${PODS_ROOT}/Manifest.lock\" > /dev/null\nif [ $? != 0 ] ; then\n    # print error to STDERR\n    echo \"error: The sandbox is not in sync with the Podfile.lock. Run 'pod install' or update your CocoaPods installation.\" >&2\n    exit 1\nfi\n# This output is used by Xcode 'outputs' to avoid re-running this script phase.\necho \"SUCCESS\" > \"${SCRIPT_OUTPUT_FILE_0}\"\n";
			showEnvVarsInLog = 0;
		};
/* End PBXShellScriptBuildPhase section */

/* Begin PBXSourcesBuildPhase section */
		923F99222A3C859B00CFCE9E /* Sources */ = {
			isa = PBXSourcesBuildPhase;
			buildActionMask = 2147483647;
			files = (
				9261D5CA2A894CE900AAF33E /* AnalyticsService.swift in Sources */,
				923F99902A42F78C00CFCE9E /* StatisticViewController.swift in Sources */,
				929C804C2A7ABE1500C731A4 /* Array+Subscript.swift in Sources */,
				929C804A2A7AA17900C731A4 /* CustomInfoView.swift in Sources */,
				929C804E2A7ADE8300C731A4 /* Gradient+Extension.swift in Sources */,
				92A3C4122A6E869B003D9452 /* UIPageViewController.swift in Sources */,
				923F99B42A51AB8B00CFCE9E /* String+Extension.swift in Sources */,
				923F99B72A53262C00CFCE9E /* NewEventViewController.swift in Sources */,
				923F99892A42F62000CFCE9E /* TabBarViewController.swift in Sources */,
				9250B1672A648805003C0E45 /* TrackerCategoryStore.swift in Sources */,
				923F99A52A4CA2F100CFCE9E /* NewHabitCell.swift in Sources */,
				923F99AD2A4E1DD100CFCE9E /* ScheduleViewController.swift in Sources */,
				9250B1622A64871A003C0E45 /* TrackerCoreData.xcdatamodeld in Sources */,
				923F99952A48D4D000CFCE9E /* Tracker.swift in Sources */,
				923F99A82A4DC0FA00CFCE9E /* CategoryViewController.swift in Sources */,
				923F99AA2A4DE49B00CFCE9E /* NewCategoryViewController.swift in Sources */,
				92E6D0B52A59B5180003809D /* NewEventCell.swift in Sources */,
				929C80512A7C385B00C731A4 /* EditingTrackerViewController.swift in Sources */,
				923F99972A48D4E700CFCE9E /* TrackerCategory.swift in Sources */,
				9266D1F22A8C22760020D766 /* AppMetricsParametrs.swift in Sources */,
				923F99992A48E09100CFCE9E /* TrackerRecord.swift in Sources */,
				923F99AF2A4E21C200CFCE9E /* SwitchCell.swift in Sources */,
				92A3C45C2A701728003D9452 /* CategoryViewModel.swift in Sources */,
				9250B16F2A65736E003C0E45 /* TrackerDataController.swift in Sources */,
				929669C72A62E00200606172 /* ColorViewCell.swift in Sources */,
				9250B1652A6487F2003C0E45 /* TrackerStore .swift in Sources */,
				923F99A02A4AFFDC00CFCE9E /* TrackerTypeViewController.swift in Sources */,
				923F992A2A3C859B00CFCE9E /* AppDelegate.swift in Sources */,
				92A3C45A2A700A88003D9452 /* ObserverWrapper.swift in Sources */,
				9253F9672A73F8EA0059472C /* Date Formmator +Extension.swift in Sources */,
				923F999D2A4A324000CFCE9E /* CellViewModel.swift in Sources */,
				923F99A22A4B380F00CFCE9E /* NewHabitViewController.swift in Sources */,
				92A3C4582A6FEF64003D9452 /* TrackersViewModel.swift in Sources */,
				929C80532A7C38D400C731A4 /* EditingTrackerCell.swift in Sources */,
				9250B16D2A6571AD003C0E45 /* TrackerPersistentContainer.swift in Sources */,
				923F999B2A49F9F000CFCE9E /* HeaderCollectionReusableView.swift in Sources */,
				923F998E2A42F76100CFCE9E /* TrackersViewController.swift in Sources */,
				9253F9442A7297040059472C /* CustomPageViewController.swift in Sources */,
				929C80582A7EC5DF00C731A4 /* FiltersCell.swift in Sources */,
				923F99922A43A12F00CFCE9E /* TrackerCardViewCell.swift in Sources */,
				929669C92A62E0FE00606172 /* EmojiViewCell.swift in Sources */,
				9250B1692A648822003C0E45 /* TrackerRecordStore.swift in Sources */,
				923F992C2A3C859B00CFCE9E /* SceneDelegate.swift in Sources */,
				9261D5CC2A896B3B00AAF33E /* AppMetrics.swift in Sources */,
				923F993F2A3CF8F000CFCE9E /* UIColors+Extension.swift in Sources */,
				929C80562A7EB21700C731A4 /* FiltersViewController.swift in Sources */,
				923F99B12A4EFEC400CFCE9E /* CategoryCell.swift in Sources */,
			);
			runOnlyForDeploymentPostprocessing = 0;
		};
		929C80592A880DD900C731A4 /* Sources */ = {
			isa = PBXSourcesBuildPhase;
			buildActionMask = 2147483647;
			files = (
				929C80602A880DD900C731A4 /* ToDoTrackerTests.swift in Sources */,
			);
			runOnlyForDeploymentPostprocessing = 0;
		};
/* End PBXSourcesBuildPhase section */

/* Begin PBXTargetDependency section */
		929C80622A880DD900C731A4 /* PBXTargetDependency */ = {
			isa = PBXTargetDependency;
			target = 923F99252A3C859B00CFCE9E /* ToDoTracker */;
			targetProxy = 929C80612A880DD900C731A4 /* PBXContainerItemProxy */;
		};
/* End PBXTargetDependency section */

/* Begin PBXVariantGroup section */
		923F99342A3C859D00CFCE9E /* LaunchScreen.storyboard */ = {
			isa = PBXVariantGroup;
			children = (
				923F99352A3C859D00CFCE9E /* Base */,
			);
			name = LaunchScreen.storyboard;
			sourceTree = "<group>";
		};
		9253F9742A742DF30059472C /* Localizable.strings */ = {
			isa = PBXVariantGroup;
			children = (
				9253F9732A742DF30059472C /* en */,
				9253F9752A742E590059472C /* ru */,
				9253F98A2A7584DA0059472C /* de */,
			);
			name = Localizable.strings;
			sourceTree = "<group>";
		};
		9253F97A2A742EFB0059472C /* Localizable.stringsdict */ = {
			isa = PBXVariantGroup;
			children = (
				9253F9792A742EFB0059472C /* en */,
				9253F97B2A742EFF0059472C /* ru */,
				9253F98B2A7584DA0059472C /* de */,
			);
			name = Localizable.stringsdict;
			sourceTree = "<group>";
		};
		9253F9872A7527660059472C /* InfoPlist.strings */ = {
			isa = PBXVariantGroup;
			children = (
				9253F9862A7527660059472C /* en */,
				9253F9882A7527690059472C /* ru */,
				9253F98C2A7584DA0059472C /* de */,
			);
			name = InfoPlist.strings;
			sourceTree = "<group>";
		};
/* End PBXVariantGroup section */

/* Begin XCBuildConfiguration section */
		923F99382A3C859D00CFCE9E /* Debug */ = {
			isa = XCBuildConfiguration;
			buildSettings = {
				ALWAYS_SEARCH_USER_PATHS = NO;
				CLANG_ANALYZER_LOCALIZABILITY_NONLOCALIZED = YES;
				CLANG_ANALYZER_NONNULL = YES;
				CLANG_ANALYZER_NUMBER_OBJECT_CONVERSION = YES_AGGRESSIVE;
				CLANG_CXX_LANGUAGE_STANDARD = "gnu++20";
				CLANG_ENABLE_MODULES = YES;
				CLANG_ENABLE_OBJC_ARC = YES;
				CLANG_ENABLE_OBJC_WEAK = YES;
				CLANG_WARN_BLOCK_CAPTURE_AUTORELEASING = YES;
				CLANG_WARN_BOOL_CONVERSION = YES;
				CLANG_WARN_COMMA = YES;
				CLANG_WARN_CONSTANT_CONVERSION = YES;
				CLANG_WARN_DEPRECATED_OBJC_IMPLEMENTATIONS = YES;
				CLANG_WARN_DIRECT_OBJC_ISA_USAGE = YES_ERROR;
				CLANG_WARN_DOCUMENTATION_COMMENTS = YES;
				CLANG_WARN_EMPTY_BODY = YES;
				CLANG_WARN_ENUM_CONVERSION = YES;
				CLANG_WARN_INFINITE_RECURSION = YES;
				CLANG_WARN_INT_CONVERSION = YES;
				CLANG_WARN_NON_LITERAL_NULL_CONVERSION = YES;
				CLANG_WARN_OBJC_IMPLICIT_RETAIN_SELF = YES;
				CLANG_WARN_OBJC_LITERAL_CONVERSION = YES;
				CLANG_WARN_OBJC_ROOT_CLASS = YES_ERROR;
				CLANG_WARN_QUOTED_INCLUDE_IN_FRAMEWORK_HEADER = YES;
				CLANG_WARN_RANGE_LOOP_ANALYSIS = YES;
				CLANG_WARN_STRICT_PROTOTYPES = YES;
				CLANG_WARN_SUSPICIOUS_MOVE = YES;
				CLANG_WARN_UNGUARDED_AVAILABILITY = YES_AGGRESSIVE;
				CLANG_WARN_UNREACHABLE_CODE = YES;
				CLANG_WARN__DUPLICATE_METHOD_MATCH = YES;
				COPY_PHASE_STRIP = NO;
				DEBUG_INFORMATION_FORMAT = dwarf;
				ENABLE_STRICT_OBJC_MSGSEND = YES;
				ENABLE_TESTABILITY = YES;
				GCC_C_LANGUAGE_STANDARD = gnu11;
				GCC_DYNAMIC_NO_PIC = NO;
				GCC_NO_COMMON_BLOCKS = YES;
				GCC_OPTIMIZATION_LEVEL = 0;
				GCC_PREPROCESSOR_DEFINITIONS = (
					"DEBUG=1",
					"$(inherited)",
				);
				GCC_WARN_64_TO_32_BIT_CONVERSION = YES;
				GCC_WARN_ABOUT_RETURN_TYPE = YES_ERROR;
				GCC_WARN_UNDECLARED_SELECTOR = YES;
				GCC_WARN_UNINITIALIZED_AUTOS = YES_AGGRESSIVE;
				GCC_WARN_UNUSED_FUNCTION = YES;
				GCC_WARN_UNUSED_VARIABLE = YES;
				IPHONEOS_DEPLOYMENT_TARGET = 16.4;
				MTL_ENABLE_DEBUG_INFO = INCLUDE_SOURCE;
				MTL_FAST_MATH = YES;
				ONLY_ACTIVE_ARCH = YES;
				SDKROOT = iphoneos;
				SWIFT_ACTIVE_COMPILATION_CONDITIONS = DEBUG;
				SWIFT_OPTIMIZATION_LEVEL = "-Onone";
			};
			name = Debug;
		};
		923F99392A3C859D00CFCE9E /* Release */ = {
			isa = XCBuildConfiguration;
			buildSettings = {
				ALWAYS_SEARCH_USER_PATHS = NO;
				CLANG_ANALYZER_LOCALIZABILITY_NONLOCALIZED = YES;
				CLANG_ANALYZER_NONNULL = YES;
				CLANG_ANALYZER_NUMBER_OBJECT_CONVERSION = YES_AGGRESSIVE;
				CLANG_CXX_LANGUAGE_STANDARD = "gnu++20";
				CLANG_ENABLE_MODULES = YES;
				CLANG_ENABLE_OBJC_ARC = YES;
				CLANG_ENABLE_OBJC_WEAK = YES;
				CLANG_WARN_BLOCK_CAPTURE_AUTORELEASING = YES;
				CLANG_WARN_BOOL_CONVERSION = YES;
				CLANG_WARN_COMMA = YES;
				CLANG_WARN_CONSTANT_CONVERSION = YES;
				CLANG_WARN_DEPRECATED_OBJC_IMPLEMENTATIONS = YES;
				CLANG_WARN_DIRECT_OBJC_ISA_USAGE = YES_ERROR;
				CLANG_WARN_DOCUMENTATION_COMMENTS = YES;
				CLANG_WARN_EMPTY_BODY = YES;
				CLANG_WARN_ENUM_CONVERSION = YES;
				CLANG_WARN_INFINITE_RECURSION = YES;
				CLANG_WARN_INT_CONVERSION = YES;
				CLANG_WARN_NON_LITERAL_NULL_CONVERSION = YES;
				CLANG_WARN_OBJC_IMPLICIT_RETAIN_SELF = YES;
				CLANG_WARN_OBJC_LITERAL_CONVERSION = YES;
				CLANG_WARN_OBJC_ROOT_CLASS = YES_ERROR;
				CLANG_WARN_QUOTED_INCLUDE_IN_FRAMEWORK_HEADER = YES;
				CLANG_WARN_RANGE_LOOP_ANALYSIS = YES;
				CLANG_WARN_STRICT_PROTOTYPES = YES;
				CLANG_WARN_SUSPICIOUS_MOVE = YES;
				CLANG_WARN_UNGUARDED_AVAILABILITY = YES_AGGRESSIVE;
				CLANG_WARN_UNREACHABLE_CODE = YES;
				CLANG_WARN__DUPLICATE_METHOD_MATCH = YES;
				COPY_PHASE_STRIP = NO;
				DEBUG_INFORMATION_FORMAT = "dwarf-with-dsym";
				ENABLE_NS_ASSERTIONS = NO;
				ENABLE_STRICT_OBJC_MSGSEND = YES;
				GCC_C_LANGUAGE_STANDARD = gnu11;
				GCC_NO_COMMON_BLOCKS = YES;
				GCC_WARN_64_TO_32_BIT_CONVERSION = YES;
				GCC_WARN_ABOUT_RETURN_TYPE = YES_ERROR;
				GCC_WARN_UNDECLARED_SELECTOR = YES;
				GCC_WARN_UNINITIALIZED_AUTOS = YES_AGGRESSIVE;
				GCC_WARN_UNUSED_FUNCTION = YES;
				GCC_WARN_UNUSED_VARIABLE = YES;
				IPHONEOS_DEPLOYMENT_TARGET = 16.4;
				MTL_ENABLE_DEBUG_INFO = NO;
				MTL_FAST_MATH = YES;
				SDKROOT = iphoneos;
				SWIFT_COMPILATION_MODE = wholemodule;
				SWIFT_OPTIMIZATION_LEVEL = "-O";
				VALIDATE_PRODUCT = YES;
			};
			name = Release;
		};
		923F993B2A3C859D00CFCE9E /* Debug */ = {
			isa = XCBuildConfiguration;
			baseConfigurationReference = FD7E7C6FC233AF60D054944C /* Pods-ToDoTracker.debug.xcconfig */;
			buildSettings = {
				ASSETCATALOG_COMPILER_APPICON_NAME = AppIcon;
				ASSETCATALOG_COMPILER_GLOBAL_ACCENT_COLOR_NAME = AccentColor;
				CODE_SIGN_STYLE = Automatic;
				CURRENT_PROJECT_VERSION = 1;
				DEVELOPMENT_TEAM = C3Q4L42H3A;
				GENERATE_INFOPLIST_FILE = YES;
				INFOPLIST_FILE = ToDoTracker/Info.plist;
				INFOPLIST_KEY_UIApplicationSupportsIndirectInputEvents = YES;
				INFOPLIST_KEY_UILaunchStoryboardName = LaunchScreen;
				INFOPLIST_KEY_UISupportedInterfaceOrientations = UIInterfaceOrientationPortrait;
				INFOPLIST_KEY_UISupportedInterfaceOrientations_iPad = "UIInterfaceOrientationLandscapeLeft UIInterfaceOrientationLandscapeRight UIInterfaceOrientationPortrait UIInterfaceOrientationPortraitUpsideDown";
				IPHONEOS_DEPLOYMENT_TARGET = 13.4;
				LD_RUNPATH_SEARCH_PATHS = (
					"$(inherited)",
					"@executable_path/Frameworks",
				);
				MARKETING_VERSION = 1.0;
				PRODUCT_BUNDLE_IDENTIFIER = com.ChakyrIT.ToDoTracker;
				PRODUCT_NAME = "$(TARGET_NAME)";
				SUPPORTED_PLATFORMS = "iphoneos iphonesimulator";
				SUPPORTS_MACCATALYST = NO;
				SUPPORTS_MAC_DESIGNED_FOR_IPHONE_IPAD = NO;
				SWIFT_EMIT_LOC_STRINGS = YES;
				SWIFT_VERSION = 5.0;
				TARGETED_DEVICE_FAMILY = 1;
			};
			name = Debug;
		};
		923F993C2A3C859D00CFCE9E /* Release */ = {
			isa = XCBuildConfiguration;
			baseConfigurationReference = 3CF1BA79F62B4C04E6972C71 /* Pods-ToDoTracker.release.xcconfig */;
			buildSettings = {
				ASSETCATALOG_COMPILER_APPICON_NAME = AppIcon;
				ASSETCATALOG_COMPILER_GLOBAL_ACCENT_COLOR_NAME = AccentColor;
				CODE_SIGN_STYLE = Automatic;
				CURRENT_PROJECT_VERSION = 1;
				DEVELOPMENT_TEAM = C3Q4L42H3A;
				GENERATE_INFOPLIST_FILE = YES;
				INFOPLIST_FILE = ToDoTracker/Info.plist;
				INFOPLIST_KEY_UIApplicationSupportsIndirectInputEvents = YES;
				INFOPLIST_KEY_UILaunchStoryboardName = LaunchScreen;
				INFOPLIST_KEY_UISupportedInterfaceOrientations = UIInterfaceOrientationPortrait;
				INFOPLIST_KEY_UISupportedInterfaceOrientations_iPad = "UIInterfaceOrientationLandscapeLeft UIInterfaceOrientationLandscapeRight UIInterfaceOrientationPortrait UIInterfaceOrientationPortraitUpsideDown";
				IPHONEOS_DEPLOYMENT_TARGET = 13.4;
				LD_RUNPATH_SEARCH_PATHS = (
					"$(inherited)",
					"@executable_path/Frameworks",
				);
				MARKETING_VERSION = 1.0;
				PRODUCT_BUNDLE_IDENTIFIER = com.ChakyrIT.ToDoTracker;
				PRODUCT_NAME = "$(TARGET_NAME)";
				SUPPORTED_PLATFORMS = "iphoneos iphonesimulator";
				SUPPORTS_MACCATALYST = NO;
				SUPPORTS_MAC_DESIGNED_FOR_IPHONE_IPAD = NO;
				SWIFT_EMIT_LOC_STRINGS = YES;
				SWIFT_VERSION = 5.0;
				TARGETED_DEVICE_FAMILY = 1;
			};
			name = Release;
		};
		929C80642A880DD900C731A4 /* Debug */ = {
			isa = XCBuildConfiguration;
			baseConfigurationReference = CD0215B0AD4624C905F9CE82 /* Pods-ToDoTrackerTests.debug.xcconfig */;
			buildSettings = {
				BUNDLE_LOADER = "$(TEST_HOST)";
				CODE_SIGN_STYLE = Automatic;
				CURRENT_PROJECT_VERSION = 1;
				DEVELOPMENT_TEAM = C3Q4L42H3A;
				GENERATE_INFOPLIST_FILE = YES;
				MARKETING_VERSION = 1.0;
				PRODUCT_BUNDLE_IDENTIFIER = com.ChakyrIT.ToDoTrackerTests;
				PRODUCT_NAME = "$(TARGET_NAME)";
				SWIFT_EMIT_LOC_STRINGS = NO;
				SWIFT_VERSION = 5.0;
				TARGETED_DEVICE_FAMILY = "1,2";
				TEST_HOST = "$(BUILT_PRODUCTS_DIR)/ToDoTracker.app/$(BUNDLE_EXECUTABLE_FOLDER_PATH)/ToDoTracker";
			};
			name = Debug;
		};
		929C80652A880DD900C731A4 /* Release */ = {
			isa = XCBuildConfiguration;
			baseConfigurationReference = B065F088DD3256E6D9FFE31D /* Pods-ToDoTrackerTests.release.xcconfig */;
			buildSettings = {
				BUNDLE_LOADER = "$(TEST_HOST)";
				CODE_SIGN_STYLE = Automatic;
				CURRENT_PROJECT_VERSION = 1;
				DEVELOPMENT_TEAM = C3Q4L42H3A;
				GENERATE_INFOPLIST_FILE = YES;
				MARKETING_VERSION = 1.0;
				PRODUCT_BUNDLE_IDENTIFIER = com.ChakyrIT.ToDoTrackerTests;
				PRODUCT_NAME = "$(TARGET_NAME)";
				SWIFT_EMIT_LOC_STRINGS = NO;
				SWIFT_VERSION = 5.0;
				TARGETED_DEVICE_FAMILY = "1,2";
				TEST_HOST = "$(BUILT_PRODUCTS_DIR)/ToDoTracker.app/$(BUNDLE_EXECUTABLE_FOLDER_PATH)/ToDoTracker";
			};
			name = Release;
		};
/* End XCBuildConfiguration section */

/* Begin XCConfigurationList section */
		923F99212A3C859B00CFCE9E /* Build configuration list for PBXProject "ToDoTracker" */ = {
			isa = XCConfigurationList;
			buildConfigurations = (
				923F99382A3C859D00CFCE9E /* Debug */,
				923F99392A3C859D00CFCE9E /* Release */,
			);
			defaultConfigurationIsVisible = 0;
			defaultConfigurationName = Release;
		};
		923F993A2A3C859D00CFCE9E /* Build configuration list for PBXNativeTarget "ToDoTracker" */ = {
			isa = XCConfigurationList;
			buildConfigurations = (
				923F993B2A3C859D00CFCE9E /* Debug */,
				923F993C2A3C859D00CFCE9E /* Release */,
			);
			defaultConfigurationIsVisible = 0;
			defaultConfigurationName = Release;
		};
		929C80632A880DD900C731A4 /* Build configuration list for PBXNativeTarget "ToDoTrackerTests" */ = {
			isa = XCConfigurationList;
			buildConfigurations = (
				929C80642A880DD900C731A4 /* Debug */,
				929C80652A880DD900C731A4 /* Release */,
			);
			defaultConfigurationIsVisible = 0;
			defaultConfigurationName = Release;
		};
/* End XCConfigurationList section */

/* Begin XCRemoteSwiftPackageReference section */
		929C80662A880E3200C731A4 /* XCRemoteSwiftPackageReference "swift-snapshot-testing" */ = {
			isa = XCRemoteSwiftPackageReference;
			repositoryURL = "https://github.com/pointfreeco/swift-snapshot-testing.git";
			requirement = {
				kind = upToNextMajorVersion;
				minimumVersion = 1.0.0;
			};
		};
/* End XCRemoteSwiftPackageReference section */

/* Begin XCSwiftPackageProductDependency section */
		929C80672A880E3200C731A4 /* SnapshotTesting */ = {
			isa = XCSwiftPackageProductDependency;
			package = 929C80662A880E3200C731A4 /* XCRemoteSwiftPackageReference "swift-snapshot-testing" */;
			productName = SnapshotTesting;
		};
/* End XCSwiftPackageProductDependency section */

/* Begin XCVersionGroup section */
		9250B1602A64871A003C0E45 /* TrackerCoreData.xcdatamodeld */ = {
			isa = XCVersionGroup;
			children = (
				9250B1612A64871A003C0E45 /* TrackerCoreData.xcdatamodel */,
			);
			currentVersion = 9250B1612A64871A003C0E45 /* TrackerCoreData.xcdatamodel */;
			path = TrackerCoreData.xcdatamodeld;
			sourceTree = "<group>";
			versionGroupType = wrapper.xcdatamodel;
		};
/* End XCVersionGroup section */
	};
	rootObject = 923F991E2A3C859B00CFCE9E /* Project object */;
}
