PODS:
  - YandexMobileMetrica/Dynamic (4.5.0):
    - YandexMobileMetrica/Dynamic/Core (= 4.5.0)
    - YandexMobileMetrica/Dynamic/Crashes (= 4.5.0)
  - YandexMobileMetrica/Dynamic/Core (4.5.0)
  - YandexMobileMetrica/Dynamic/Crashes (4.5.0):
    - YandexMobileMetrica/Dynamic/Core

DEPENDENCIES:
  - YandexMobileMetrica/Dynamic (= 4.5.0)

SPEC REPOS:
  trunk:
    - YandexMobileMetrica

SPEC CHECKSUMS:
  YandexMobileMetrica: 7dafc7d224077d4443ab3a587b82b24e9b6cc9c7

PODFILE CHECKSUM: 064e375077c28594d09d8ef59c1b0008fbf388a5

COCOAPODS: 1.12.1
